<Solution>
  <Project Path="Assignment3.2.1/Assignment3.2.1.csproj" />
  <Project Path="Assignment3.2.2/Assignment3.2.2.csproj" />
  <Project Path="Assignment3.2.3/Assignment3.2.3.csproj" />
  <Project Path="Assignment3.2.4/Assignment3.2.4.csproj" />
  <Project Path="Assignment3.2.5/Assignment3.2.5.csproj" />
</Solution>
